
Microsoft Visual Studio Solution File, Format Version 12.00
# Visual Studio Version 17
VisualStudioVersion = 17.0.31903.59
MinimumVisualStudioVersion = 10.0.40219.1
Project("{2150E333-8FDC-42A3-9474-1A3956D46DE8}") = "src", "src", "{CE882882-C1A9-400F-879F-4726CF107860}"
EndProject
Project("{FAE04EC0-301F-11D3-BF4B-00C04F79EFBC}") = "PingApi.Api", "src\PingApi.Api\PingApi.Api.csproj", "{FBF35114-3660-4BA6-8184-7C1E060A9641}"
EndProject
Project("{2150E333-8FDC-42A3-9474-1A3956D46DE8}") = "tests", "tests", "{90282B3A-4A54-4A4E-9C27-17110E1F532C}"
EndProject
Project("{FAE04EC0-301F-11D3-BF4B-00C04F79EFBC}") = "PingApi.Tests", "tests\PingApi.Tests\PingApi.Tests.csproj", "{B03051B6-D4EF-4CEE-8BFA-60E04D4F0A1F}"
EndProject
Global
	GlobalSection(SolutionConfigurationPlatforms) = preSolution
		Debug|Any CPU = Debug|Any CPU
		Release|Any CPU = Release|Any CPU
	EndGlobalSection
	GlobalSection(SolutionProperties) = preSolution
		HideSolutionNode = FALSE
	EndGlobalSection
	GlobalSection(ProjectConfigurationPlatforms) = postSolution
		{FBF35114-3660-4BA6-8184-7C1E060A9641}.Debug|Any CPU.ActiveCfg = Debug|Any CPU
		{FBF35114-3660-4BA6-8184-7C1E060A9641}.Debug|Any CPU.Build.0 = Debug|Any CPU
		{FBF35114-3660-4BA6-8184-7C1E060A9641}.Release|Any CPU.ActiveCfg = Release|Any CPU
		{FBF35114-3660-4BA6-8184-7C1E060A9641}.Release|Any CPU.Build.0 = Release|Any CPU
		{B03051B6-D4EF-4CEE-8BFA-60E04D4F0A1F}.Debug|Any CPU.ActiveCfg = Debug|Any CPU
		{B03051B6-D4EF-4CEE-8BFA-60E04D4F0A1F}.Debug|Any CPU.Build.0 = Debug|Any CPU
		{B03051B6-D4EF-4CEE-8BFA-60E04D4F0A1F}.Release|Any CPU.ActiveCfg = Release|Any CPU
		{B03051B6-D4EF-4CEE-8BFA-60E04D4F0A1F}.Release|Any CPU.Build.0 = Release|Any CPU
	EndGlobalSection
	GlobalSection(NestedProjects) = preSolution
		{FBF35114-3660-4BA6-8184-7C1E060A9641} = {CE882882-C1A9-400F-879F-4726CF107860}
		{B03051B6-D4EF-4CEE-8BFA-60E04D4F0A1F} = {90282B3A-4A54-4A4E-9C27-17110E1F532C}
	EndGlobalSection
EndGlobal
